
Microsoft Visual Studio Solution File, Format Version 11.00
# Visual Studio 2010
Project("{FAE04EC0-301F-11D3-BF4B-00C04F79EFBC}") = "Assembly-CSharp", "Assembly-CSharp.csproj", "{67D21095-4666-88F3-4D22-B644BF4B0696}"
EndProject
Global
	GlobalSection(SolutionConfigurationPlatforms) = preSolution
		Debug|Any CPU = Debug|Any CPU
		Release|Any CPU = Release|Any CPU
	EndGlobalSection
	GlobalSection(ProjectConfigurationPlatforms) = postSolution
		{67D21095-4666-88F3-4D22-B644BF4B0696}.Debug|Any CPU.ActiveCfg = Debug|Any CPU
		{67D21095-4666-88F3-4D22-B644BF4B0696}.Debug|Any CPU.Build.0 = Debug|Any CPU
		{67D21095-4666-88F3-4D22-B644BF4B0696}.Release|Any CPU.ActiveCfg = Release|Any CPU
		{67D21095-4666-88F3-4D22-B644BF4B0696}.Release|Any CPU.Build.0 = Release|Any CPU
	EndGlobalSection
	GlobalSection(SolutionProperties) = preSolution
		HideSolutionNode = FALSE
	EndGlobalSection
	GlobalSection(MonoDevelopProperties) = preSolution
		StartupItem = Assembly-CSharp.csproj
	EndGlobalSection
EndGlobal
